Microsoft Visual Studio Solution File, Format Version 12.00
# Visual Studio Version 17
VisualStudioVersion = 17.0.31919.166
MinimumVisualStudioVersion = 10.0.40219.6
Project("{9A19103F-16F7-4668-BE54-9A1E7A4F7556}") = "Hubletix.Api", "src\Hubletix.Api\Hubletix.Api.csproj", "{F1A1B2C3-D4E5-F6G7-H8I9-J0K1L2M3N4O5}"
EndProject
Project("{9A19103F-16F7-4668-BE54-9A1E7A4F7556}") = "Hubletix.Core", "src\Hubletix.Core\Hubletix.Core.csproj", "{E2B2C3D4-E5F6-G7H8-I9J0-K1L2M3N4O5P6}"
EndProject
Project("{9A19103F-16F7-4668-BE54-9A1E7A4F7556}") = "Hubletix.Infrastructure", "src\Hubletix.Infrastructure\Hubletix.Infrastructure.csproj", "{D3C3D4E5-F6G7-H8I9-J0K1-L2M3N4O5P6Q7}"
EndProject
Global
	GlobalSection(SolutionConfigurationPlatforms) = preSolution
		Debug|Any CPU = Debug|Any CPU
		Release|Any CPU = Release|Any CPU
	EndGlobalSection
	GlobalSection(ProjectConfigurationPlatforms) = postSolution
		{F1A1B2C3-D4E5-F6G7-H8I9-J0K1L2M3N4O5}.Debug|Any CPU.ActiveCfg = Debug|Any CPU
		{F1A1B2C3-D4E5-F6G7-H8I9-J0K1L2M3N4O5}.Debug|Any CPU.Build.0 = Debug|Any CPU
		{F1A1B2C3-D4E5-F6G7-H8I9-J0K1L2M3N4O5}.Release|Any CPU.ActiveCfg = Release|Any CPU
		{F1A1B2C3-D4E5-F6G7-H8I9-J0K1L2M3N4O5}.Release|Any CPU.Build.0 = Release|Any CPU
		{E2B2C3D4-E5F6-G7H8-I9J0-K1L2M3N4O5P6}.Debug|Any CPU.ActiveCfg = Debug|Any CPU
		{E2B2C3D4-E5F6-G7H8-I9J0-K1L2M3N4O5P6}.Debug|Any CPU.Build.0 = Debug|Any CPU
		{E2B2C3D4-E5F6-G7H8-I9J0-K1L2M3N4O5P6}.Release|Any CPU.ActiveCfg = Release|Any CPU
		{E2B2C3D4-E5F6-G7H8-I9J0-K1L2M3N4O5P6}.Release|Any CPU.Build.0 = Release|Any CPU
		{D3C3D4E5-F6G7-H8I9-J0K1-L2M3N4O5P6Q7}.Debug|Any CPU.ActiveCfg = Debug|Any CPU
		{D3C3D4E5-F6G7-H8I9-J0K1-L2M3N4O5P6Q7}.Debug|Any CPU.Build.0 = Debug|Any CPU
		{D3C3D4E5-F6G7-H8I9-J0K1-L2M3N4O5P6Q7}.Release|Any CPU.ActiveCfg = Release|Any CPU
		{D3C3D4E5-F6G7-H8I9-J0K1-L2M3N4O5P6Q7}.Release|Any CPU.Build.0 = Release|Any CPU
	EndGlobalSection
EndGlobal
